{
  "version": 4,
  "terraform_version": "1.13.0",
  "serial": 33,
  "lineage": "c8a5bec4-c44f-012e-5b65-c591def276b8",
  "outputs": {
    "cluster_arn": {
      "value": "arn:aws:eks:ca-central-1:251132308531:cluster/silentcanary-cluster",
      "type": "string"
    },
    "cluster_ca_certificate": {
      "value": "LS0tLS1CRUdJTiBDRVJUSUZJQ0FURS0tLS0tCk1JSURCVENDQWUyZ0F3SUJBZ0lJRk9OeStWRXY4K1l3RFFZSktvWklodmNOQVFFTEJRQXdGVEVUTUJFR0ExVUUKQXhNS2EzVmlaWEp1WlhSbGN6QWVGdzB5TlRBNE16QXhOalF5TVROYUZ3MHpOVEE0TWpneE5qUTNNVE5hTUJVeApFekFSQmdOVkJBTVRDbXQxWW1WeWJtVjBaWE13Z2dFaU1BMEdDU3FHU0liM0RRRUJBUVVBQTRJQkR3QXdnZ0VLCkFvSUJBUURGRHZhbWdvaUNqeHFPVXhQdjZWQTd0RnRVbWxlK01GNVA5TCtreE9NUTdsN3lYUFVGN1hqMjJEVlQKdkV1ai9xUHNSYU1vV1FoMktsTTRsM0laR1FZai8vOWFqSWRoZCsrdjdlNWJaUmtwbVl4NGI2Y3VzQWdtT0l5Lwp6K1I5elFoNzE3c01hVUNLM3lxREUwS1dGK2dVdUdPWnY1S1N0MC9RdGk0R2ZZelNxeHZxWTRCVEptRk12Q0JCCllWR3REVzNVME5RbkhQZUpDTG82WEdIV2dqc2NlNW1VeUlKenhmUnFnZnB0a3dYNzBHMi83Z0k5UWFpZTllMFoKR3lpekh2NUVQSlZmeEdBWXRaYVpQMzRrNE01elpaNWk5V3MvSkt0NU12ZjU2cHY5ZjNVU0MraEMrSE5VQ01FZApOSVNwNFFRV3lIaWhnVHZXaGZ2VTBFN2hLS1dqQWdNQkFBR2pXVEJYTUE0R0ExVWREd0VCL3dRRUF3SUNwREFQCkJnTlZIUk1CQWY4RUJUQURBUUgvTUIwR0ExVWREZ1FXQkJUS1FXYUFnWTJDZWlVVXh2NHI1dnpRTnUzTjlqQVYKQmdOVkhSRUVEakFNZ2dwcmRXSmxjbTVsZEdWek1BMEdDU3FHU0liM0RRRUJDd1VBQTRJQkFRQWt4OXoxaStndgpQWGF4RERaTXVLUWx3Z28zU1Q5Ry9SOG5EZjZWZlArTEpFQVFUOERpdGdSMk9xd2RiZ3BXRUdJNnRHdWxRTUhqCnR1alp0RFRLUUJjZUN3VmVabUhKbDhhMDdCT1FPQXV5Wm1xZlhtUE5oQlpnNDRwSmhacUNKTyt5aUtIWE5BVGwKMXFRQkJxKzY0Nm1mQWVNQ2ZuaG5lS3R2b2xsSWJ2M3phMWFRcHZMVHlPQ09obEZDUHM2YlJ3MWZ2SWhNR3g1Lwo5NlBEblYwVVRLSlY3Q0hDcmltenBKSW85MWVvY0pNQlJZMHp1QXVGZS9EQlFNNndnNmdnKzdudmpjeTVaMkNoCnFvQ2tPTGRZelBuejJEYStWODZRT2RJMzFCS0ZMQ3N6KzhNeklJcnJEc2RKZndGLzZxeSs1WnhxZTdxWFFSdVEKRmlyakpoMDdkSHZ4Ci0tLS0tRU5EIENFUlRJRklDQVRFLS0tLS0K",
      "type": "string"
    },
    "cluster_endpoint": {
      "value": "https://ACDC861CA6FE6BE5903984B9FB45BD0A.gr7.ca-central-1.eks.amazonaws.com",
      "type": "string"
    },
    "cluster_id": {
      "value": "silentcanary-cluster",
      "type": "string"
    },
    "cluster_security_group_id": {
      "value": "sg-0c2ab996a1320ea59",
      "type": "string"
    },
    "ecr_repository_url": {
      "value": "251132308531.dkr.ecr.ca-central-1.amazonaws.com/silentcanary",
      "type": "string"
    },
    "kubectl_config": {
      "value": "aws eks --region ca-central-1 update-kubeconfig --name silentcanary-cluster",
      "type": "string"
    },
    "node_group_arn": {
      "value": "arn:aws:eks:ca-central-1:251132308531:nodegroup/silentcanary-cluster/silentcanary-cluster-workers/76cc7df1-9e05-96fc-9469-2e2338a630b8",
      "type": "string"
    },
    "node_group_status": {
      "value": "ACTIVE",
      "type": "string"
    },
    "private_subnet_ids": {
      "value": [
        "subnet-09e2b826ecb78c146",
        "subnet-0fda97c1f007ff5d4"
      ],
      "type": [
        "tuple",
        [
          "string",
          "string"
        ]
      ]
    },
    "public_subnet_ids": {
      "value": [
        "subnet-0f23db15429d48a9a",
        "subnet-035563fe03032556d"
      ],
      "type": [
        "tuple",
        [
          "string",
          "string"
        ]
      ]
    },
    "vpc_id": {
      "value": "vpc-0449d865b5ea0e1fb",
      "type": "string"
    }
  },
  "resources": [
    {
      "mode": "data",
      "type": "aws_availability_zones",
      "name": "available",
      "provider": "provider[\"registry.terraform.io/hashicorp/aws\"]",
      "instances": [
        {
          "schema_version": 0,
          "attributes": {
            "all_availability_zones": null,
            "exclude_names": null,
            "exclude_zone_ids": null,
            "filter": [
              {
                "name": "opt-in-status",
                "values": [
                  "opt-in-not-required"
                ]
              }
            ],
            "group_names": [
              "ca-central-1-zg-1"
            ],
            "id": "ca-central-1",
            "names": [
              "ca-central-1a",
              "ca-central-1b",
              "ca-central-1d"
            ],
            "state": null,
            "timeouts": null,
            "zone_ids": [
              "cac1-az1",
              "cac1-az2",
              "cac1-az4"
            ]
          },
          "sensitive_attributes": [],
          "identity_schema_version": 0
        }
      ]
    },
    {
      "mode": "data",
      "type": "aws_caller_identity",
      "name": "current",
      "provider": "provider[\"registry.terraform.io/hashicorp/aws\"]",
      "instances": [
        {
          "schema_version": 0,
          "attributes": {
            "account_id": "251132308531",
            "arn": "arn:aws:iam::251132308531:root",
            "id": "251132308531",
            "user_id": "251132308531"
          },
          "sensitive_attributes": [],
          "identity_schema_version": 0
        }
      ]
    },
    {
      "mode": "managed",
      "type": "aws_cloudwatch_log_group",
      "name": "cluster",
      "provider": "provider[\"registry.terraform.io/hashicorp/aws\"]",
      "instances": [
        {
          "schema_version": 0,
          "attributes": {
            "arn": "arn:aws:logs:ca-central-1:251132308531:log-group:/aws/eks/silentcanary-cluster/cluster",
            "id": "/aws/eks/silentcanary-cluster/cluster",
            "kms_key_id": "",
            "log_group_class": "STANDARD",
            "name": "/aws/eks/silentcanary-cluster/cluster",
            "name_prefix": "",
            "retention_in_days": 7,
            "skip_destroy": false,
            "tags": {
              "CreatedBy": "Terraform",
              "Environment": "production",
              "Project": "SilentCanary"
            },
            "tags_all": {
              "CreatedBy": "Terraform",
              "Environment": "production",
              "Project": "SilentCanary"
            }
          },
          "sensitive_attributes": [],
          "identity_schema_version": 0,
          "private": "bnVsbA=="
        }
      ]
    },
    {
      "mode": "managed",
      "type": "aws_ecr_lifecycle_policy",
      "name": "silentcanary",
      "provider": "provider[\"registry.terraform.io/hashicorp/aws\"]",
      "instances": [
        {
          "schema_version": 0,
          "attributes": {
            "id": "silentcanary",
            "policy": "{\"rules\":[{\"action\":{\"type\":\"expire\"},\"description\":\"Keep last 10 images\",\"rulePriority\":1,\"selection\":{\"countNumber\":10,\"countType\":\"imageCountMoreThan\",\"tagPrefixList\":[\"v\"],\"tagStatus\":\"tagged\"}},{\"action\":{\"type\":\"expire\"},\"description\":\"Keep last 5 untagged images\",\"rulePriority\":2,\"selection\":{\"countNumber\":5,\"countType\":\"imageCountMoreThan\",\"tagStatus\":\"untagged\"}}]}",
            "registry_id": "251132308531",
            "repository": "silentcanary"
          },
          "sensitive_attributes": [],
          "identity_schema_version": 0,
          "private": "bnVsbA==",
          "dependencies": [
            "aws_ecr_repository.silentcanary"
          ]
        }
      ]
    },
    {
      "mode": "managed",
      "type": "aws_ecr_repository",
      "name": "silentcanary",
      "provider": "provider[\"registry.terraform.io/hashicorp/aws\"]",
      "instances": [
        {
          "schema_version": 0,
          "attributes": {
            "arn": "arn:aws:ecr:ca-central-1:251132308531:repository/silentcanary",
            "encryption_configuration": [
              {
                "encryption_type": "AES256",
                "kms_key": ""
              }
            ],
            "force_delete": null,
            "id": "silentcanary",
            "image_scanning_configuration": [
              {
                "scan_on_push": true
              }
            ],
            "image_tag_mutability": "MUTABLE",
            "name": "silentcanary",
            "registry_id": "251132308531",
            "repository_url": "251132308531.dkr.ecr.ca-central-1.amazonaws.com/silentcanary",
            "tags": {
              "CreatedBy": "Terraform",
              "Environment": "production",
              "Project": "SilentCanary"
            },
            "tags_all": {
              "CreatedBy": "Terraform",
              "Environment": "production",
              "Project": "SilentCanary"
            },
            "timeouts": null
          },
          "sensitive_attributes": [],
          "identity_schema_version": 0,
          "private": "eyJlMmJmYjczMC1lY2FhLTExZTYtOGY4OC0zNDM2M2JjN2M0YzAiOnsiZGVsZXRlIjoxMjAwMDAwMDAwMDAwfX0="
        }
      ]
    },
    {
      "mode": "managed",
      "type": "aws_ecr_repository_policy",
      "name": "silentcanary",
      "provider": "provider[\"registry.terraform.io/hashicorp/aws\"]",
      "instances": [
        {
          "schema_version": 0,
          "attributes": {
            "id": "silentcanary",
            "policy": "{\"Statement\":[{\"Action\":[\"ecr:GetDownloadUrlForLayer\",\"ecr:BatchGetImage\",\"ecr:BatchCheckLayerAvailability\"],\"Effect\":\"Allow\",\"Principal\":{\"AWS\":\"arn:aws:iam::251132308531:role/silentcanary-cluster-node-group-role\"},\"Sid\":\"AllowPull\"}],\"Version\":\"2012-10-17\"}",
            "registry_id": "251132308531",
            "repository": "silentcanary"
          },
          "sensitive_attributes": [],
          "identity_schema_version": 0,
          "private": "bnVsbA==",
          "dependencies": [
            "aws_ecr_repository.silentcanary",
            "aws_iam_role.node_group"
          ]
        }
      ]
    },
    {
      "mode": "managed",
      "type": "aws_eip",
      "name": "nat",
      "provider": "provider[\"registry.terraform.io/hashicorp/aws\"]",
      "instances": [
        {
          "index_key": 0,
          "schema_version": 0,
          "attributes": {
            "address": null,
            "allocation_id": "eipalloc-02e7b2e50e24dd464",
            "arn": "arn:aws:ec2:ca-central-1:251132308531:elastic-ip/eipalloc-02e7b2e50e24dd464",
            "associate_with_private_ip": null,
            "association_id": "",
            "carrier_ip": "",
            "customer_owned_ip": "",
            "customer_owned_ipv4_pool": "",
            "domain": "vpc",
            "id": "eipalloc-02e7b2e50e24dd464",
            "instance": "",
            "ipam_pool_id": null,
            "network_border_group": "ca-central-1",
            "network_interface": "",
            "private_dns": null,
            "private_ip": "",
            "ptr_record": "",
            "public_dns": "ec2-35-182-85-248.ca-central-1.compute.amazonaws.com",
            "public_ip": "35.182.85.248",
            "public_ipv4_pool": "amazon",
            "tags": {
              "CreatedBy": "Terraform",
              "Environment": "production",
              "Name": "silentcanary-cluster-nat-eip-1",
              "Project": "SilentCanary"
            },
            "tags_all": {
              "CreatedBy": "Terraform",
              "Environment": "production",
              "Name": "silentcanary-cluster-nat-eip-1",
              "Project": "SilentCanary"
            },
            "timeouts": null,
            "vpc": true
          },
          "sensitive_attributes": [],
          "identity_schema_version": 0,
          "private": "eyJlMmJmYjczMC1lY2FhLTExZTYtOGY4OC0zNDM2M2JjN2M0YzAiOnsiZGVsZXRlIjoxODAwMDAwMDAwMDAsInJlYWQiOjkwMDAwMDAwMDAwMCwidXBkYXRlIjozMDAwMDAwMDAwMDB9fQ==",
          "dependencies": [
            "aws_internet_gateway.main",
            "aws_vpc.main"
          ]
        },
        {
          "index_key": 1,
          "schema_version": 0,
          "attributes": {
            "address": null,
            "allocation_id": "eipalloc-05fa4189c64d9a3dc",
            "arn": "arn:aws:ec2:ca-central-1:251132308531:elastic-ip/eipalloc-05fa4189c64d9a3dc",
            "associate_with_private_ip": null,
            "association_id": "",
            "carrier_ip": "",
            "customer_owned_ip": "",
            "customer_owned_ipv4_pool": "",
            "domain": "vpc",
            "id": "eipalloc-05fa4189c64d9a3dc",
            "instance": "",
            "ipam_pool_id": null,
            "network_border_group": "ca-central-1",
            "network_interface": "",
            "private_dns": null,
            "private_ip": "",
            "ptr_record": "",
            "public_dns": "ec2-35-182-105-212.ca-central-1.compute.amazonaws.com",
            "public_ip": "35.182.105.212",
            "public_ipv4_pool": "amazon",
            "tags": {
              "CreatedBy": "Terraform",
              "Environment": "production",
              "Name": "silentcanary-cluster-nat-eip-2",
              "Project": "SilentCanary"
            },
            "tags_all": {
              "CreatedBy": "Terraform",
              "Environment": "production",
              "Name": "silentcanary-cluster-nat-eip-2",
              "Project": "SilentCanary"
            },
            "timeouts": null,
            "vpc": true
          },
          "sensitive_attributes": [],
          "identity_schema_version": 0,
          "private": "eyJlMmJmYjczMC1lY2FhLTExZTYtOGY4OC0zNDM2M2JjN2M0YzAiOnsiZGVsZXRlIjoxODAwMDAwMDAwMDAsInJlYWQiOjkwMDAwMDAwMDAwMCwidXBkYXRlIjozMDAwMDAwMDAwMDB9fQ==",
          "dependencies": [
            "aws_internet_gateway.main",
            "aws_vpc.main"
          ]
        }
      ]
    },
    {
      "mode": "managed",
      "type": "aws_eks_cluster",
      "name": "main",
      "provider": "provider[\"registry.terraform.io/hashicorp/aws\"]",
      "instances": [
        {
          "schema_version": 1,
          "attributes": {
            "access_config": [
              {
                "authentication_mode": "CONFIG_MAP",
                "bootstrap_cluster_creator_admin_permissions": true
              }
            ],
            "arn": "arn:aws:eks:ca-central-1:251132308531:cluster/silentcanary-cluster",
            "bootstrap_self_managed_addons": true,
            "certificate_authority": [
              {
                "data": "LS0tLS1CRUdJTiBDRVJUSUZJQ0FURS0tLS0tCk1JSURCVENDQWUyZ0F3SUJBZ0lJRk9OeStWRXY4K1l3RFFZSktvWklodmNOQVFFTEJRQXdGVEVUTUJFR0ExVUUKQXhNS2EzVmlaWEp1WlhSbGN6QWVGdzB5TlRBNE16QXhOalF5TVROYUZ3MHpOVEE0TWpneE5qUTNNVE5hTUJVeApFekFSQmdOVkJBTVRDbXQxWW1WeWJtVjBaWE13Z2dFaU1BMEdDU3FHU0liM0RRRUJBUVVBQTRJQkR3QXdnZ0VLCkFvSUJBUURGRHZhbWdvaUNqeHFPVXhQdjZWQTd0RnRVbWxlK01GNVA5TCtreE9NUTdsN3lYUFVGN1hqMjJEVlQKdkV1ai9xUHNSYU1vV1FoMktsTTRsM0laR1FZai8vOWFqSWRoZCsrdjdlNWJaUmtwbVl4NGI2Y3VzQWdtT0l5Lwp6K1I5elFoNzE3c01hVUNLM3lxREUwS1dGK2dVdUdPWnY1S1N0MC9RdGk0R2ZZelNxeHZxWTRCVEptRk12Q0JCCllWR3REVzNVME5RbkhQZUpDTG82WEdIV2dqc2NlNW1VeUlKenhmUnFnZnB0a3dYNzBHMi83Z0k5UWFpZTllMFoKR3lpekh2NUVQSlZmeEdBWXRaYVpQMzRrNE01elpaNWk5V3MvSkt0NU12ZjU2cHY5ZjNVU0MraEMrSE5VQ01FZApOSVNwNFFRV3lIaWhnVHZXaGZ2VTBFN2hLS1dqQWdNQkFBR2pXVEJYTUE0R0ExVWREd0VCL3dRRUF3SUNwREFQCkJnTlZIUk1CQWY4RUJUQURBUUgvTUIwR0ExVWREZ1FXQkJUS1FXYUFnWTJDZWlVVXh2NHI1dnpRTnUzTjlqQVYKQmdOVkhSRUVEakFNZ2dwcmRXSmxjbTVsZEdWek1BMEdDU3FHU0liM0RRRUJDd1VBQTRJQkFRQWt4OXoxaStndgpQWGF4RERaTXVLUWx3Z28zU1Q5Ry9SOG5EZjZWZlArTEpFQVFUOERpdGdSMk9xd2RiZ3BXRUdJNnRHdWxRTUhqCnR1alp0RFRLUUJjZUN3VmVabUhKbDhhMDdCT1FPQXV5Wm1xZlhtUE5oQlpnNDRwSmhacUNKTyt5aUtIWE5BVGwKMXFRQkJxKzY0Nm1mQWVNQ2ZuaG5lS3R2b2xsSWJ2M3phMWFRcHZMVHlPQ09obEZDUHM2YlJ3MWZ2SWhNR3g1Lwo5NlBEblYwVVRLSlY3Q0hDcmltenBKSW85MWVvY0pNQlJZMHp1QXVGZS9EQlFNNndnNmdnKzdudmpjeTVaMkNoCnFvQ2tPTGRZelBuejJEYStWODZRT2RJMzFCS0ZMQ3N6KzhNeklJcnJEc2RKZndGLzZxeSs1WnhxZTdxWFFSdVEKRmlyakpoMDdkSHZ4Ci0tLS0tRU5EIENFUlRJRklDQVRFLS0tLS0K"
              }
            ],
            "cluster_id": null,
            "compute_config": [],
            "created_at": "2025-08-30T16:42:29Z",
            "enabled_cluster_log_types": [
              "api",
              "audit",
              "authenticator",
              "controllerManager",
              "scheduler"
            ],
            "encryption_config": [],
            "endpoint": "https://ACDC861CA6FE6BE5903984B9FB45BD0A.gr7.ca-central-1.eks.amazonaws.com",
            "force_update_version": null,
            "id": "silentcanary-cluster",
            "identity": [
              {
                "oidc": [
                  {
                    "issuer": "https://oidc.eks.ca-central-1.amazonaws.com/id/ACDC861CA6FE6BE5903984B9FB45BD0A"
                  }
                ]
              }
            ],
            "kubernetes_network_config": [
              {
                "elastic_load_balancing": [
                  {
                    "enabled": false
                  }
                ],
                "ip_family": "ipv4",
                "service_ipv4_cidr": "172.20.0.0/16",
                "service_ipv6_cidr": ""
              }
            ],
            "name": "silentcanary-cluster",
            "outpost_config": [],
            "platform_version": "eks.51",
            "remote_network_config": [],
            "role_arn": "arn:aws:iam::251132308531:role/silentcanary-cluster-cluster-role",
            "status": "ACTIVE",
            "storage_config": [],
            "tags": {
              "CreatedBy": "Terraform",
              "Environment": "production",
              "Project": "SilentCanary"
            },
            "tags_all": {
              "CreatedBy": "Terraform",
              "Environment": "production",
              "Project": "SilentCanary"
            },
            "timeouts": null,
            "upgrade_policy": [
              {
                "support_type": "EXTENDED"
              }
            ],
            "version": "1.28",
            "vpc_config": [
              {
                "cluster_security_group_id": "sg-045510d6f63475fbe",
                "endpoint_private_access": true,
                "endpoint_public_access": true,
                "public_access_cidrs": [
                  "0.0.0.0/0"
                ],
                "security_group_ids": [
                  "sg-0c2ab996a1320ea59"
                ],
                "subnet_ids": [
                  "subnet-035563fe03032556d",
                  "subnet-09e2b826ecb78c146",
                  "subnet-0f23db15429d48a9a",
                  "subnet-0fda97c1f007ff5d4"
                ],
                "vpc_id": "vpc-0449d865b5ea0e1fb"
              }
            ],
            "zonal_shift_config": []
          },
          "sensitive_attributes": [],
          "identity_schema_version": 0,
          "private": "eyJlMmJmYjczMC1lY2FhLTExZTYtOGY4OC0zNDM2M2JjN2M0YzAiOnsiY3JlYXRlIjoxODAwMDAwMDAwMDAwLCJkZWxldGUiOjkwMDAwMDAwMDAwMCwidXBkYXRlIjozNjAwMDAwMDAwMDAwfSwic2NoZW1hX3ZlcnNpb24iOiIxIn0=",
          "dependencies": [
            "aws_cloudwatch_log_group.cluster",
            "aws_iam_role.cluster",
            "aws_iam_role_policy_attachment.cluster_AmazonEKSClusterPolicy",
            "aws_security_group.cluster",
            "aws_subnet.private",
            "aws_subnet.public",
            "aws_vpc.main",
            "data.aws_availability_zones.available"
          ]
        }
      ]
    },
    {
      "mode": "managed",
      "type": "aws_eks_node_group",
      "name": "main",
      "provider": "provider[\"registry.terraform.io/hashicorp/aws\"]",
      "instances": [
        {
          "schema_version": 0,
          "attributes": {
            "ami_type": "AL2_x86_64",
            "arn": "arn:aws:eks:ca-central-1:251132308531:nodegroup/silentcanary-cluster/silentcanary-cluster-workers/76cc7df1-9e05-96fc-9469-2e2338a630b8",
            "capacity_type": "ON_DEMAND",
            "cluster_name": "silentcanary-cluster",
            "disk_size": 20,
            "force_update_version": null,
            "id": "silentcanary-cluster:silentcanary-cluster-workers",
            "instance_types": [
              "t3.medium"
            ],
            "labels": null,
            "launch_template": [],
            "node_group_name": "silentcanary-cluster-workers",
            "node_group_name_prefix": "",
            "node_repair_config": [],
            "node_role_arn": "arn:aws:iam::251132308531:role/silentcanary-cluster-node-group-role",
            "release_version": "1.28.15-20250821",
            "remote_access": [],
            "resources": [
              {
                "autoscaling_groups": [
                  {
                    "name": "eks-silentcanary-cluster-workers-76cc7df1-9e05-96fc-9469-2e2338a630b8"
                  }
                ],
                "remote_access_security_group_id": ""
              }
            ],
            "scaling_config": [
              {
                "desired_size": 2,
                "max_size": 4,
                "min_size": 2
              }
            ],
            "status": "ACTIVE",
            "subnet_ids": [
              "subnet-09e2b826ecb78c146",
              "subnet-0fda97c1f007ff5d4"
            ],
            "tags": {
              "CreatedBy": "Terraform",
              "Environment": "production",
              "Project": "SilentCanary"
            },
            "tags_all": {
              "CreatedBy": "Terraform",
              "Environment": "production",
              "Project": "SilentCanary"
            },
            "taint": [],
            "timeouts": null,
            "update_config": [
              {
                "max_unavailable": 1,
                "max_unavailable_percentage": 0
              }
            ],
            "version": "1.28"
          },
          "sensitive_attributes": [],
          "identity_schema_version": 0,
          "private": "eyJlMmJmYjczMC1lY2FhLTExZTYtOGY4OC0zNDM2M2JjN2M0YzAiOnsiY3JlYXRlIjozNjAwMDAwMDAwMDAwLCJkZWxldGUiOjM2MDAwMDAwMDAwMDAsInVwZGF0ZSI6MzYwMDAwMDAwMDAwMH19",
          "dependencies": [
            "aws_cloudwatch_log_group.cluster",
            "aws_eks_cluster.main",
            "aws_iam_role.cluster",
            "aws_iam_role.node_group",
            "aws_iam_role_policy.node_group_dynamodb",
            "aws_iam_role_policy_attachment.cluster_AmazonEKSClusterPolicy",
            "aws_iam_role_policy_attachment.node_group_AmazonEC2ContainerRegistryReadOnly",
            "aws_iam_role_policy_attachment.node_group_AmazonEKSWorkerNodePolicy",
            "aws_iam_role_policy_attachment.node_group_AmazonEKS_CNI_Policy",
            "aws_security_group.cluster",
            "aws_subnet.private",
            "aws_subnet.public",
            "aws_vpc.main",
            "data.aws_availability_zones.available",
            "data.aws_caller_identity.current"
          ]
        }
      ]
    },
    {
      "mode": "managed",
      "type": "aws_iam_role",
      "name": "cluster",
      "provider": "provider[\"registry.terraform.io/hashicorp/aws\"]",
      "instances": [
        {
          "schema_version": 0,
          "attributes": {
            "arn": "arn:aws:iam::251132308531:role/silentcanary-cluster-cluster-role",
            "assume_role_policy": "{\"Statement\":[{\"Action\":\"sts:AssumeRole\",\"Effect\":\"Allow\",\"Principal\":{\"Service\":\"eks.amazonaws.com\"}}],\"Version\":\"2012-10-17\"}",
            "create_date": "2025-08-30T16:42:02Z",
            "description": "",
            "force_detach_policies": false,
            "id": "silentcanary-cluster-cluster-role",
            "inline_policy": [],
            "managed_policy_arns": [],
            "max_session_duration": 3600,
            "name": "silentcanary-cluster-cluster-role",
            "name_prefix": "",
            "path": "/",
            "permissions_boundary": "",
            "tags": {
              "CreatedBy": "Terraform",
              "Environment": "production",
              "Project": "SilentCanary"
            },
            "tags_all": {
              "CreatedBy": "Terraform",
              "Environment": "production",
              "Project": "SilentCanary"
            },
            "unique_id": "AROATU6FG5QZ73637CSAL"
          },
          "sensitive_attributes": [],
          "identity_schema_version": 0,
          "private": "bnVsbA=="
        }
      ]
    },
    {
      "mode": "managed",
      "type": "aws_iam_role",
      "name": "node_group",
      "provider": "provider[\"registry.terraform.io/hashicorp/aws\"]",
      "instances": [
        {
          "schema_version": 0,
          "attributes": {
            "arn": "arn:aws:iam::251132308531:role/silentcanary-cluster-node-group-role",
            "assume_role_policy": "{\"Statement\":[{\"Action\":\"sts:AssumeRole\",\"Effect\":\"Allow\",\"Principal\":{\"Service\":\"ec2.amazonaws.com\"}}],\"Version\":\"2012-10-17\"}",
            "create_date": "2025-08-30T16:42:02Z",
            "description": "",
            "force_detach_policies": false,
            "id": "silentcanary-cluster-node-group-role",
            "inline_policy": [],
            "managed_policy_arns": [],
            "max_session_duration": 3600,
            "name": "silentcanary-cluster-node-group-role",
            "name_prefix": "",
            "path": "/",
            "permissions_boundary": "",
            "tags": {
              "CreatedBy": "Terraform",
              "Environment": "production",
              "Project": "SilentCanary"
            },
            "tags_all": {
              "CreatedBy": "Terraform",
              "Environment": "production",
              "Project": "SilentCanary"
            },
            "unique_id": "AROATU6FG5QZ66AAME362"
          },
          "sensitive_attributes": [],
          "identity_schema_version": 0,
          "private": "bnVsbA=="
        }
      ]
    },
    {
      "mode": "managed",
      "type": "aws_iam_role_policy",
      "name": "node_group_dynamodb",
      "provider": "provider[\"registry.terraform.io/hashicorp/aws\"]",
      "instances": [
        {
          "schema_version": 0,
          "attributes": {
            "id": "silentcanary-cluster-node-group-role:silentcanary-cluster-node-group-dynamodb-policy",
            "name": "silentcanary-cluster-node-group-dynamodb-policy",
            "name_prefix": "",
            "policy": "{\"Version\":\"2012-10-17\",\"Statement\":[{\"Action\":[\"dynamodb:BatchGetItem\",\"dynamodb:GetItem\",\"dynamodb:PutItem\",\"dynamodb:UpdateItem\",\"dynamodb:DeleteItem\",\"dynamodb:Query\",\"dynamodb:Scan\"],\"Effect\":\"Allow\",\"Resource\":[\"arn:aws:dynamodb:ca-central-1:251132308531:table/SilentCanary_*\"]}]}",
            "role": "silentcanary-cluster-node-group-role"
          },
          "sensitive_attributes": [],
          "identity_schema_version": 0,
          "private": "bnVsbA==",
          "dependencies": [
            "aws_iam_role.node_group",
            "data.aws_caller_identity.current"
          ]
        }
      ]
    },
    {
      "mode": "managed",
      "type": "aws_iam_role_policy_attachment",
      "name": "cluster_AmazonEKSClusterPolicy",
      "provider": "provider[\"registry.terraform.io/hashicorp/aws\"]",
      "instances": [
        {
          "schema_version": 0,
          "attributes": {
            "id": "silentcanary-cluster-cluster-role-20250830164202328700000001",
            "policy_arn": "arn:aws:iam::aws:policy/AmazonEKSClusterPolicy",
            "role": "silentcanary-cluster-cluster-role"
          },
          "sensitive_attributes": [],
          "identity_schema_version": 0,
          "private": "bnVsbA==",
          "dependencies": [
            "aws_iam_role.cluster"
          ]
        }
      ]
    },
    {
      "mode": "managed",
      "type": "aws_iam_role_policy_attachment",
      "name": "node_group_AmazonEC2ContainerRegistryReadOnly",
      "provider": "provider[\"registry.terraform.io/hashicorp/aws\"]",
      "instances": [
        {
          "schema_version": 0,
          "attributes": {
            "id": "silentcanary-cluster-node-group-role-20250830164202329400000002",
            "policy_arn": "arn:aws:iam::aws:policy/AmazonEC2ContainerRegistryReadOnly",
            "role": "silentcanary-cluster-node-group-role"
          },
          "sensitive_attributes": [],
          "identity_schema_version": 0,
          "private": "bnVsbA==",
          "dependencies": [
            "aws_iam_role.node_group"
          ]
        }
      ]
    },
    {
      "mode": "managed",
      "type": "aws_iam_role_policy_attachment",
      "name": "node_group_AmazonEKSWorkerNodePolicy",
      "provider": "provider[\"registry.terraform.io/hashicorp/aws\"]",
      "instances": [
        {
          "schema_version": 0,
          "attributes": {
            "id": "silentcanary-cluster-node-group-role-20250830164202413800000004",
            "policy_arn": "arn:aws:iam::aws:policy/AmazonEKSWorkerNodePolicy",
            "role": "silentcanary-cluster-node-group-role"
          },
          "sensitive_attributes": [],
          "identity_schema_version": 0,
          "private": "bnVsbA==",
          "dependencies": [
            "aws_iam_role.node_group"
          ]
        }
      ]
    },
    {
      "mode": "managed",
      "type": "aws_iam_role_policy_attachment",
      "name": "node_group_AmazonEKS_CNI_Policy",
      "provider": "provider[\"registry.terraform.io/hashicorp/aws\"]",
      "instances": [
        {
          "schema_version": 0,
          "attributes": {
            "id": "silentcanary-cluster-node-group-role-20250830164202408100000003",
            "policy_arn": "arn:aws:iam::aws:policy/AmazonEKS_CNI_Policy",
            "role": "silentcanary-cluster-node-group-role"
          },
          "sensitive_attributes": [],
          "identity_schema_version": 0,
          "private": "bnVsbA==",
          "dependencies": [
            "aws_iam_role.node_group"
          ]
        }
      ]
    },
    {
      "mode": "managed",
      "type": "aws_internet_gateway",
      "name": "main",
      "provider": "provider[\"registry.terraform.io/hashicorp/aws\"]",
      "instances": [
        {
          "schema_version": 0,
          "attributes": {
            "arn": "arn:aws:ec2:ca-central-1:251132308531:internet-gateway/igw-0ca2bd25b40266264",
            "id": "igw-0ca2bd25b40266264",
            "owner_id": "251132308531",
            "tags": {
              "CreatedBy": "Terraform",
              "Environment": "production",
              "Name": "silentcanary-cluster-igw",
              "Project": "SilentCanary"
            },
            "tags_all": {
              "CreatedBy": "Terraform",
              "Environment": "production",
              "Name": "silentcanary-cluster-igw",
              "Project": "SilentCanary"
            },
            "timeouts": null,
            "vpc_id": "vpc-0449d865b5ea0e1fb"
          },
          "sensitive_attributes": [],
          "identity_schema_version": 0,
          "private": "eyJlMmJmYjczMC1lY2FhLTExZTYtOGY4OC0zNDM2M2JjN2M0YzAiOnsiY3JlYXRlIjoxMjAwMDAwMDAwMDAwLCJkZWxldGUiOjEyMDAwMDAwMDAwMDAsInVwZGF0ZSI6MTIwMDAwMDAwMDAwMH19",
          "dependencies": [
            "aws_vpc.main"
          ]
        }
      ]
    },
    {
      "mode": "managed",
      "type": "aws_nat_gateway",
      "name": "main",
      "provider": "provider[\"registry.terraform.io/hashicorp/aws\"]",
      "instances": [
        {
          "index_key": 0,
          "schema_version": 0,
          "attributes": {
            "allocation_id": "eipalloc-02e7b2e50e24dd464",
            "association_id": "eipassoc-0f0d4f24a5233fc05",
            "connectivity_type": "public",
            "id": "nat-06cd47c359dead5f3",
            "network_interface_id": "eni-04bd7e3bd8417d48d",
            "private_ip": "10.0.1.250",
            "public_ip": "35.182.85.248",
            "secondary_allocation_ids": null,
            "secondary_private_ip_address_count": 0,
            "secondary_private_ip_addresses": [],
            "subnet_id": "subnet-0f23db15429d48a9a",
            "tags": {
              "CreatedBy": "Terraform",
              "Environment": "production",
              "Name": "silentcanary-cluster-nat-1",
              "Project": "SilentCanary"
            },
            "tags_all": {
              "CreatedBy": "Terraform",
              "Environment": "production",
              "Name": "silentcanary-cluster-nat-1",
              "Project": "SilentCanary"
            },
            "timeouts": null
          },
          "sensitive_attributes": [],
          "identity_schema_version": 0,
          "private": "eyJlMmJmYjczMC1lY2FhLTExZTYtOGY4OC0zNDM2M2JjN2M0YzAiOnsiY3JlYXRlIjo2MDAwMDAwMDAwMDAsImRlbGV0ZSI6MTgwMDAwMDAwMDAwMCwidXBkYXRlIjo2MDAwMDAwMDAwMDB9fQ==",
          "dependencies": [
            "aws_eip.nat",
            "aws_internet_gateway.main",
            "aws_subnet.public",
            "aws_vpc.main",
            "data.aws_availability_zones.available"
          ]
        },
        {
          "index_key": 1,
          "schema_version": 0,
          "attributes": {
            "allocation_id": "eipalloc-05fa4189c64d9a3dc",
            "association_id": "eipassoc-05c46fb01d908bb9d",
            "connectivity_type": "public",
            "id": "nat-05fa5f47758c16863",
            "network_interface_id": "eni-08e8b7ac4483e047b",
            "private_ip": "10.0.2.128",
            "public_ip": "35.182.105.212",
            "secondary_allocation_ids": null,
            "secondary_private_ip_address_count": 0,
            "secondary_private_ip_addresses": [],
            "subnet_id": "subnet-035563fe03032556d",
            "tags": {
              "CreatedBy": "Terraform",
              "Environment": "production",
              "Name": "silentcanary-cluster-nat-2",
              "Project": "SilentCanary"
            },
            "tags_all": {
              "CreatedBy": "Terraform",
              "Environment": "production",
              "Name": "silentcanary-cluster-nat-2",
              "Project": "SilentCanary"
            },
            "timeouts": null
          },
          "sensitive_attributes": [],
          "identity_schema_version": 0,
          "private": "eyJlMmJmYjczMC1lY2FhLTExZTYtOGY4OC0zNDM2M2JjN2M0YzAiOnsiY3JlYXRlIjo2MDAwMDAwMDAwMDAsImRlbGV0ZSI6MTgwMDAwMDAwMDAwMCwidXBkYXRlIjo2MDAwMDAwMDAwMDB9fQ==",
          "dependencies": [
            "aws_eip.nat",
            "aws_internet_gateway.main",
            "aws_subnet.public",
            "aws_vpc.main",
            "data.aws_availability_zones.available"
          ]
        }
      ]
    },
    {
      "mode": "managed",
      "type": "aws_route_table",
      "name": "private",
      "provider": "provider[\"registry.terraform.io/hashicorp/aws\"]",
      "instances": [
        {
          "index_key": 0,
          "schema_version": 0,
          "attributes": {
            "arn": "arn:aws:ec2:ca-central-1:251132308531:route-table/rtb-0ee4f81d2a4ec5baf",
            "id": "rtb-0ee4f81d2a4ec5baf",
            "owner_id": "251132308531",
            "propagating_vgws": [],
            "route": [
              {
                "carrier_gateway_id": "",
                "cidr_block": "0.0.0.0/0",
                "core_network_arn": "",
                "destination_prefix_list_id": "",
                "egress_only_gateway_id": "",
                "gateway_id": "",
                "ipv6_cidr_block": "",
                "local_gateway_id": "",
                "nat_gateway_id": "nat-06cd47c359dead5f3",
                "network_interface_id": "",
                "transit_gateway_id": "",
                "vpc_endpoint_id": "",
                "vpc_peering_connection_id": ""
              }
            ],
            "tags": {
              "CreatedBy": "Terraform",
              "Environment": "production",
              "Name": "silentcanary-cluster-private-rt-1",
              "Project": "SilentCanary"
            },
            "tags_all": {
              "CreatedBy": "Terraform",
              "Environment": "production",
              "Name": "silentcanary-cluster-private-rt-1",
              "Project": "SilentCanary"
            },
            "timeouts": null,
            "vpc_id": "vpc-0449d865b5ea0e1fb"
          },
          "sensitive_attributes": [],
          "identity_schema_version": 0,
          "private": "eyJlMmJmYjczMC1lY2FhLTExZTYtOGY4OC0zNDM2M2JjN2M0YzAiOnsiY3JlYXRlIjozMDAwMDAwMDAwMDAsImRlbGV0ZSI6MzAwMDAwMDAwMDAwLCJ1cGRhdGUiOjEyMDAwMDAwMDAwMH19",
          "dependencies": [
            "aws_eip.nat",
            "aws_internet_gateway.main",
            "aws_nat_gateway.main",
            "aws_subnet.public",
            "aws_vpc.main",
            "data.aws_availability_zones.available"
          ]
        },
        {
          "index_key": 1,
          "schema_version": 0,
          "attributes": {
            "arn": "arn:aws:ec2:ca-central-1:251132308531:route-table/rtb-0b2303e9238d39e64",
            "id": "rtb-0b2303e9238d39e64",
            "owner_id": "251132308531",
            "propagating_vgws": [],
            "route": [
              {
                "carrier_gateway_id": "",
                "cidr_block": "0.0.0.0/0",
                "core_network_arn": "",
                "destination_prefix_list_id": "",
                "egress_only_gateway_id": "",
                "gateway_id": "",
                "ipv6_cidr_block": "",
                "local_gateway_id": "",
                "nat_gateway_id": "nat-05fa5f47758c16863",
                "network_interface_id": "",
                "transit_gateway_id": "",
                "vpc_endpoint_id": "",
                "vpc_peering_connection_id": ""
              }
            ],
            "tags": {
              "CreatedBy": "Terraform",
              "Environment": "production",
              "Name": "silentcanary-cluster-private-rt-2",
              "Project": "SilentCanary"
            },
            "tags_all": {
              "CreatedBy": "Terraform",
              "Environment": "production",
              "Name": "silentcanary-cluster-private-rt-2",
              "Project": "SilentCanary"
            },
            "timeouts": null,
            "vpc_id": "vpc-0449d865b5ea0e1fb"
          },
          "sensitive_attributes": [],
          "identity_schema_version": 0,
          "private": "eyJlMmJmYjczMC1lY2FhLTExZTYtOGY4OC0zNDM2M2JjN2M0YzAiOnsiY3JlYXRlIjozMDAwMDAwMDAwMDAsImRlbGV0ZSI6MzAwMDAwMDAwMDAwLCJ1cGRhdGUiOjEyMDAwMDAwMDAwMH19",
          "dependencies": [
            "aws_eip.nat",
            "aws_internet_gateway.main",
            "aws_nat_gateway.main",
            "aws_subnet.public",
            "aws_vpc.main",
            "data.aws_availability_zones.available"
          ]
        }
      ]
    },
    {
      "mode": "managed",
      "type": "aws_route_table",
      "name": "public",
      "provider": "provider[\"registry.terraform.io/hashicorp/aws\"]",
      "instances": [
        {
          "schema_version": 0,
          "attributes": {
            "arn": "arn:aws:ec2:ca-central-1:251132308531:route-table/rtb-0dd4ff943e8722f05",
            "id": "rtb-0dd4ff943e8722f05",
            "owner_id": "251132308531",
            "propagating_vgws": [],
            "route": [
              {
                "carrier_gateway_id": "",
                "cidr_block": "0.0.0.0/0",
                "core_network_arn": "",
                "destination_prefix_list_id": "",
                "egress_only_gateway_id": "",
                "gateway_id": "igw-0ca2bd25b40266264",
                "ipv6_cidr_block": "",
                "local_gateway_id": "",
                "nat_gateway_id": "",
                "network_interface_id": "",
                "transit_gateway_id": "",
                "vpc_endpoint_id": "",
                "vpc_peering_connection_id": ""
              }
            ],
            "tags": {
              "CreatedBy": "Terraform",
              "Environment": "production",
              "Name": "silentcanary-cluster-public-rt",
              "Project": "SilentCanary"
            },
            "tags_all": {
              "CreatedBy": "Terraform",
              "Environment": "production",
              "Name": "silentcanary-cluster-public-rt",
              "Project": "SilentCanary"
            },
            "timeouts": null,
            "vpc_id": "vpc-0449d865b5ea0e1fb"
          },
          "sensitive_attributes": [],
          "identity_schema_version": 0,
          "private": "eyJlMmJmYjczMC1lY2FhLTExZTYtOGY4OC0zNDM2M2JjN2M0YzAiOnsiY3JlYXRlIjozMDAwMDAwMDAwMDAsImRlbGV0ZSI6MzAwMDAwMDAwMDAwLCJ1cGRhdGUiOjEyMDAwMDAwMDAwMH19",
          "dependencies": [
            "aws_internet_gateway.main",
            "aws_vpc.main"
          ]
        }
      ]
    },
    {
      "mode": "managed",
      "type": "aws_route_table_association",
      "name": "private",
      "provider": "provider[\"registry.terraform.io/hashicorp/aws\"]",
      "instances": [
        {
          "index_key": 0,
          "schema_version": 0,
          "attributes": {
            "gateway_id": "",
            "id": "rtbassoc-083dbd6bb8d1efd12",
            "route_table_id": "rtb-0ee4f81d2a4ec5baf",
            "subnet_id": "subnet-09e2b826ecb78c146",
            "timeouts": null
          },
          "sensitive_attributes": [],
          "identity_schema_version": 0,
          "private": "eyJlMmJmYjczMC1lY2FhLTExZTYtOGY4OC0zNDM2M2JjN2M0YzAiOnsiY3JlYXRlIjozMDAwMDAwMDAwMDAsImRlbGV0ZSI6MzAwMDAwMDAwMDAwLCJ1cGRhdGUiOjEyMDAwMDAwMDAwMH19",
          "dependencies": [
            "aws_eip.nat",
            "aws_internet_gateway.main",
            "aws_nat_gateway.main",
            "aws_route_table.private",
            "aws_subnet.private",
            "aws_subnet.public",
            "aws_vpc.main",
            "data.aws_availability_zones.available"
          ]
        },
        {
          "index_key": 1,
          "schema_version": 0,
          "attributes": {
            "gateway_id": "",
            "id": "rtbassoc-0fd9d31a683ce3bc0",
            "route_table_id": "rtb-0b2303e9238d39e64",
            "subnet_id": "subnet-0fda97c1f007ff5d4",
            "timeouts": null
          },
          "sensitive_attributes": [],
          "identity_schema_version": 0,
          "private": "eyJlMmJmYjczMC1lY2FhLTExZTYtOGY4OC0zNDM2M2JjN2M0YzAiOnsiY3JlYXRlIjozMDAwMDAwMDAwMDAsImRlbGV0ZSI6MzAwMDAwMDAwMDAwLCJ1cGRhdGUiOjEyMDAwMDAwMDAwMH19",
          "dependencies": [
            "aws_eip.nat",
            "aws_internet_gateway.main",
            "aws_nat_gateway.main",
            "aws_route_table.private",
            "aws_subnet.private",
            "aws_subnet.public",
            "aws_vpc.main",
            "data.aws_availability_zones.available"
          ]
        }
      ]
    },
    {
      "mode": "managed",
      "type": "aws_route_table_association",
      "name": "public",
      "provider": "provider[\"registry.terraform.io/hashicorp/aws\"]",
      "instances": [
        {
          "index_key": 0,
          "schema_version": 0,
          "attributes": {
            "gateway_id": "",
            "id": "rtbassoc-0ea13d6ab43c718b4",
            "route_table_id": "rtb-0dd4ff943e8722f05",
            "subnet_id": "subnet-0f23db15429d48a9a",
            "timeouts": null
          },
          "sensitive_attributes": [],
          "identity_schema_version": 0,
          "private": "eyJlMmJmYjczMC1lY2FhLTExZTYtOGY4OC0zNDM2M2JjN2M0YzAiOnsiY3JlYXRlIjozMDAwMDAwMDAwMDAsImRlbGV0ZSI6MzAwMDAwMDAwMDAwLCJ1cGRhdGUiOjEyMDAwMDAwMDAwMH19",
          "dependencies": [
            "aws_internet_gateway.main",
            "aws_route_table.public",
            "aws_subnet.public",
            "aws_vpc.main",
            "data.aws_availability_zones.available"
          ]
        },
        {
          "index_key": 1,
          "schema_version": 0,
          "attributes": {
            "gateway_id": "",
            "id": "rtbassoc-0e85ddbae2aa37b5e",
            "route_table_id": "rtb-0dd4ff943e8722f05",
            "subnet_id": "subnet-035563fe03032556d",
            "timeouts": null
          },
          "sensitive_attributes": [],
          "identity_schema_version": 0,
          "private": "eyJlMmJmYjczMC1lY2FhLTExZTYtOGY4OC0zNDM2M2JjN2M0YzAiOnsiY3JlYXRlIjozMDAwMDAwMDAwMDAsImRlbGV0ZSI6MzAwMDAwMDAwMDAwLCJ1cGRhdGUiOjEyMDAwMDAwMDAwMH19",
          "dependencies": [
            "aws_internet_gateway.main",
            "aws_route_table.public",
            "aws_subnet.public",
            "aws_vpc.main",
            "data.aws_availability_zones.available"
          ]
        }
      ]
    },
    {
      "mode": "managed",
      "type": "aws_security_group",
      "name": "cluster",
      "provider": "provider[\"registry.terraform.io/hashicorp/aws\"]",
      "instances": [
        {
          "schema_version": 1,
          "attributes": {
            "arn": "arn:aws:ec2:ca-central-1:251132308531:security-group/sg-0c2ab996a1320ea59",
            "description": "Managed by Terraform",
            "egress": [
              {
                "cidr_blocks": [
                  "0.0.0.0/0"
                ],
                "description": "",
                "from_port": 0,
                "ipv6_cidr_blocks": [],
                "prefix_list_ids": [],
                "protocol": "-1",
                "security_groups": [],
                "self": false,
                "to_port": 0
              }
            ],
            "id": "sg-0c2ab996a1320ea59",
            "ingress": [],
            "name": "silentcanary-cluster-cluster-sg20250830164213339800000005",
            "name_prefix": "silentcanary-cluster-cluster-sg",
            "owner_id": "251132308531",
            "revoke_rules_on_delete": false,
            "tags": {
              "CreatedBy": "Terraform",
              "Environment": "production",
              "Name": "silentcanary-cluster-cluster-sg",
              "Project": "SilentCanary"
            },
            "tags_all": {
              "CreatedBy": "Terraform",
              "Environment": "production",
              "Name": "silentcanary-cluster-cluster-sg",
              "Project": "SilentCanary"
            },
            "timeouts": null,
            "vpc_id": "vpc-0449d865b5ea0e1fb"
          },
          "sensitive_attributes": [],
          "identity_schema_version": 0,
          "private": "eyJlMmJmYjczMC1lY2FhLTExZTYtOGY4OC0zNDM2M2JjN2M0YzAiOnsiY3JlYXRlIjo2MDAwMDAwMDAwMDAsImRlbGV0ZSI6OTAwMDAwMDAwMDAwfSwic2NoZW1hX3ZlcnNpb24iOiIxIn0=",
          "dependencies": [
            "aws_vpc.main"
          ]
        }
      ]
    },
    {
      "mode": "managed",
      "type": "aws_security_group_rule",
      "name": "cluster_ingress_workstation_https",
      "provider": "provider[\"registry.terraform.io/hashicorp/aws\"]",
      "instances": [
        {
          "schema_version": 2,
          "attributes": {
            "cidr_blocks": [
              "0.0.0.0/0"
            ],
            "description": "Allow workstation to communicate with the cluster API Server",
            "from_port": 443,
            "id": "sgrule-2823779163",
            "ipv6_cidr_blocks": null,
            "prefix_list_ids": null,
            "protocol": "tcp",
            "security_group_id": "sg-0c2ab996a1320ea59",
            "security_group_rule_id": "sgr-0adebbb4e1bf1b878",
            "self": false,
            "source_security_group_id": null,
            "timeouts": null,
            "to_port": 443,
            "type": "ingress"
          },
          "sensitive_attributes": [],
          "identity_schema_version": 0,
          "private": "eyJlMmJmYjczMC1lY2FhLTExZTYtOGY4OC0zNDM2M2JjN2M0YzAiOnsiY3JlYXRlIjozMDAwMDAwMDAwMDB9LCJzY2hlbWFfdmVyc2lvbiI6IjIifQ==",
          "dependencies": [
            "aws_security_group.cluster",
            "aws_vpc.main"
          ]
        }
      ]
    },
    {
      "mode": "managed",
      "type": "aws_subnet",
      "name": "private",
      "provider": "provider[\"registry.terraform.io/hashicorp/aws\"]",
      "instances": [
        {
          "index_key": 0,
          "schema_version": 1,
          "attributes": {
            "arn": "arn:aws:ec2:ca-central-1:251132308531:subnet/subnet-09e2b826ecb78c146",
            "assign_ipv6_address_on_creation": false,
            "availability_zone": "ca-central-1a",
            "availability_zone_id": "cac1-az1",
            "cidr_block": "10.0.10.0/24",
            "customer_owned_ipv4_pool": "",
            "enable_dns64": false,
            "enable_lni_at_device_index": 0,
            "enable_resource_name_dns_a_record_on_launch": false,
            "enable_resource_name_dns_aaaa_record_on_launch": false,
            "id": "subnet-09e2b826ecb78c146",
            "ipv6_cidr_block": "",
            "ipv6_cidr_block_association_id": "",
            "ipv6_native": false,
            "map_customer_owned_ip_on_launch": false,
            "map_public_ip_on_launch": false,
            "outpost_arn": "",
            "owner_id": "251132308531",
            "private_dns_hostname_type_on_launch": "ip-name",
            "tags": {
              "CreatedBy": "Terraform",
              "Environment": "production",
              "Name": "silentcanary-cluster-private-1",
              "Project": "SilentCanary",
              "kubernetes.io/cluster/silentcanary-cluster": "owned",
              "kubernetes.io/role/internal-elb": "1"
            },
            "tags_all": {
              "CreatedBy": "Terraform",
              "Environment": "production",
              "Name": "silentcanary-cluster-private-1",
              "Project": "SilentCanary",
              "kubernetes.io/cluster/silentcanary-cluster": "owned",
              "kubernetes.io/role/internal-elb": "1"
            },
            "timeouts": null,
            "vpc_id": "vpc-0449d865b5ea0e1fb"
          },
          "sensitive_attributes": [],
          "identity_schema_version": 0,
          "private": "eyJlMmJmYjczMC1lY2FhLTExZTYtOGY4OC0zNDM2M2JjN2M0YzAiOnsiY3JlYXRlIjo2MDAwMDAwMDAwMDAsImRlbGV0ZSI6MTIwMDAwMDAwMDAwMH0sInNjaGVtYV92ZXJzaW9uIjoiMSJ9",
          "dependencies": [
            "aws_vpc.main",
            "data.aws_availability_zones.available"
          ]
        },
        {
          "index_key": 1,
          "schema_version": 1,
          "attributes": {
            "arn": "arn:aws:ec2:ca-central-1:251132308531:subnet/subnet-0fda97c1f007ff5d4",
            "assign_ipv6_address_on_creation": false,
            "availability_zone": "ca-central-1b",
            "availability_zone_id": "cac1-az2",
            "cidr_block": "10.0.11.0/24",
            "customer_owned_ipv4_pool": "",
            "enable_dns64": false,
            "enable_lni_at_device_index": 0,
            "enable_resource_name_dns_a_record_on_launch": false,
            "enable_resource_name_dns_aaaa_record_on_launch": false,
            "id": "subnet-0fda97c1f007ff5d4",
            "ipv6_cidr_block": "",
            "ipv6_cidr_block_association_id": "",
            "ipv6_native": false,
            "map_customer_owned_ip_on_launch": false,
            "map_public_ip_on_launch": false,
            "outpost_arn": "",
            "owner_id": "251132308531",
            "private_dns_hostname_type_on_launch": "ip-name",
            "tags": {
              "CreatedBy": "Terraform",
              "Environment": "production",
              "Name": "silentcanary-cluster-private-2",
              "Project": "SilentCanary",
              "kubernetes.io/cluster/silentcanary-cluster": "owned",
              "kubernetes.io/role/internal-elb": "1"
            },
            "tags_all": {
              "CreatedBy": "Terraform",
              "Environment": "production",
              "Name": "silentcanary-cluster-private-2",
              "Project": "SilentCanary",
              "kubernetes.io/cluster/silentcanary-cluster": "owned",
              "kubernetes.io/role/internal-elb": "1"
            },
            "timeouts": null,
            "vpc_id": "vpc-0449d865b5ea0e1fb"
          },
          "sensitive_attributes": [],
          "identity_schema_version": 0,
          "private": "eyJlMmJmYjczMC1lY2FhLTExZTYtOGY4OC0zNDM2M2JjN2M0YzAiOnsiY3JlYXRlIjo2MDAwMDAwMDAwMDAsImRlbGV0ZSI6MTIwMDAwMDAwMDAwMH0sInNjaGVtYV92ZXJzaW9uIjoiMSJ9",
          "dependencies": [
            "aws_vpc.main",
            "data.aws_availability_zones.available"
          ]
        }
      ]
    },
    {
      "mode": "managed",
      "type": "aws_subnet",
      "name": "public",
      "provider": "provider[\"registry.terraform.io/hashicorp/aws\"]",
      "instances": [
        {
          "index_key": 0,
          "schema_version": 1,
          "attributes": {
            "arn": "arn:aws:ec2:ca-central-1:251132308531:subnet/subnet-0f23db15429d48a9a",
            "assign_ipv6_address_on_creation": false,
            "availability_zone": "ca-central-1a",
            "availability_zone_id": "cac1-az1",
            "cidr_block": "10.0.1.0/24",
            "customer_owned_ipv4_pool": "",
            "enable_dns64": false,
            "enable_lni_at_device_index": 0,
            "enable_resource_name_dns_a_record_on_launch": false,
            "enable_resource_name_dns_aaaa_record_on_launch": false,
            "id": "subnet-0f23db15429d48a9a",
            "ipv6_cidr_block": "",
            "ipv6_cidr_block_association_id": "",
            "ipv6_native": false,
            "map_customer_owned_ip_on_launch": false,
            "map_public_ip_on_launch": true,
            "outpost_arn": "",
            "owner_id": "251132308531",
            "private_dns_hostname_type_on_launch": "ip-name",
            "tags": {
              "CreatedBy": "Terraform",
              "Environment": "production",
              "Name": "silentcanary-cluster-public-1",
              "Project": "SilentCanary",
              "kubernetes.io/cluster/silentcanary-cluster": "shared",
              "kubernetes.io/role/elb": "1"
            },
            "tags_all": {
              "CreatedBy": "Terraform",
              "Environment": "production",
              "Name": "silentcanary-cluster-public-1",
              "Project": "SilentCanary",
              "kubernetes.io/cluster/silentcanary-cluster": "shared",
              "kubernetes.io/role/elb": "1"
            },
            "timeouts": null,
            "vpc_id": "vpc-0449d865b5ea0e1fb"
          },
          "sensitive_attributes": [],
          "identity_schema_version": 0,
          "private": "eyJlMmJmYjczMC1lY2FhLTExZTYtOGY4OC0zNDM2M2JjN2M0YzAiOnsiY3JlYXRlIjo2MDAwMDAwMDAwMDAsImRlbGV0ZSI6MTIwMDAwMDAwMDAwMH0sInNjaGVtYV92ZXJzaW9uIjoiMSJ9",
          "dependencies": [
            "aws_vpc.main",
            "data.aws_availability_zones.available"
          ]
        },
        {
          "index_key": 1,
          "schema_version": 1,
          "attributes": {
            "arn": "arn:aws:ec2:ca-central-1:251132308531:subnet/subnet-035563fe03032556d",
            "assign_ipv6_address_on_creation": false,
            "availability_zone": "ca-central-1b",
            "availability_zone_id": "cac1-az2",
            "cidr_block": "10.0.2.0/24",
            "customer_owned_ipv4_pool": "",
            "enable_dns64": false,
            "enable_lni_at_device_index": 0,
            "enable_resource_name_dns_a_record_on_launch": false,
            "enable_resource_name_dns_aaaa_record_on_launch": false,
            "id": "subnet-035563fe03032556d",
            "ipv6_cidr_block": "",
            "ipv6_cidr_block_association_id": "",
            "ipv6_native": false,
            "map_customer_owned_ip_on_launch": false,
            "map_public_ip_on_launch": true,
            "outpost_arn": "",
            "owner_id": "251132308531",
            "private_dns_hostname_type_on_launch": "ip-name",
            "tags": {
              "CreatedBy": "Terraform",
              "Environment": "production",
              "Name": "silentcanary-cluster-public-2",
              "Project": "SilentCanary",
              "kubernetes.io/cluster/silentcanary-cluster": "shared",
              "kubernetes.io/role/elb": "1"
            },
            "tags_all": {
              "CreatedBy": "Terraform",
              "Environment": "production",
              "Name": "silentcanary-cluster-public-2",
              "Project": "SilentCanary",
              "kubernetes.io/cluster/silentcanary-cluster": "shared",
              "kubernetes.io/role/elb": "1"
            },
            "timeouts": null,
            "vpc_id": "vpc-0449d865b5ea0e1fb"
          },
          "sensitive_attributes": [],
          "identity_schema_version": 0,
          "private": "eyJlMmJmYjczMC1lY2FhLTExZTYtOGY4OC0zNDM2M2JjN2M0YzAiOnsiY3JlYXRlIjo2MDAwMDAwMDAwMDAsImRlbGV0ZSI6MTIwMDAwMDAwMDAwMH0sInNjaGVtYV92ZXJzaW9uIjoiMSJ9",
          "dependencies": [
            "aws_vpc.main",
            "data.aws_availability_zones.available"
          ]
        }
      ]
    },
    {
      "mode": "managed",
      "type": "aws_vpc",
      "name": "main",
      "provider": "provider[\"registry.terraform.io/hashicorp/aws\"]",
      "instances": [
        {
          "schema_version": 1,
          "attributes": {
            "arn": "arn:aws:ec2:ca-central-1:251132308531:vpc/vpc-0449d865b5ea0e1fb",
            "assign_generated_ipv6_cidr_block": false,
            "cidr_block": "10.0.0.0/16",
            "default_network_acl_id": "acl-00b6a647942ed1023",
            "default_route_table_id": "rtb-06096ff81c87f62f6",
            "default_security_group_id": "sg-07a0fd30777c68f2c",
            "dhcp_options_id": "dopt-0725c27608b6b35a2",
            "enable_dns_hostnames": true,
            "enable_dns_support": true,
            "enable_network_address_usage_metrics": false,
            "id": "vpc-0449d865b5ea0e1fb",
            "instance_tenancy": "default",
            "ipv4_ipam_pool_id": null,
            "ipv4_netmask_length": null,
            "ipv6_association_id": "",
            "ipv6_cidr_block": "",
            "ipv6_cidr_block_network_border_group": "",
            "ipv6_ipam_pool_id": "",
            "ipv6_netmask_length": 0,
            "main_route_table_id": "rtb-06096ff81c87f62f6",
            "owner_id": "251132308531",
            "tags": {
              "CreatedBy": "Terraform",
              "Environment": "production",
              "Name": "silentcanary-cluster-vpc",
              "Project": "SilentCanary",
              "kubernetes.io/cluster/silentcanary-cluster": "shared"
            },
            "tags_all": {
              "CreatedBy": "Terraform",
              "Environment": "production",
              "Name": "silentcanary-cluster-vpc",
              "Project": "SilentCanary",
              "kubernetes.io/cluster/silentcanary-cluster": "shared"
            }
          },
          "sensitive_attributes": [],
          "identity_schema_version": 0,
          "private": "eyJzY2hlbWFfdmVyc2lvbiI6IjEifQ=="
        }
      ]
    }
  ],
  "check_results": null
}
